
Microsoft Visual Studio Solution File, Format Version 12.00
# Visual Studio Version 17
VisualStudioVersion = 17.6.33829.357
MinimumVisualStudioVersion = 10.0.40219.1
Project("{FAE04EC0-301F-11D3-BF4B-00C04F79EFBC}") = "CapaDatos", "CapaDAtos\CapaDatos.csproj", "{73BC617B-1292-4CFE-A7A6-CF8203DED7DA}"
EndProject
Project("{FAE04EC0-301F-11D3-BF4B-00C04F79EFBC}") = "CapaEntidad", "CapaEntidad\CapaEntidad.csproj", "{483C92A4-42BE-48CE-8490-1E37FE8B03B3}"
EndProject
Project("{FAE04EC0-301F-11D3-BF4B-00C04F79EFBC}") = "CapaNegocio", "CapaNegocio\CapaNegocio.csproj", "{C869444A-29C1-4F02-86BC-5A00E3EE932B}"
EndProject
Project("{FAE04EC0-301F-11D3-BF4B-00C04F79EFBC}") = "CapaPresentacion", "CapaPresentacion\CapaPresentacion.csproj", "{C19BF41A-D0F9-49C4-82B2-1DBA28CE8BA6}"
EndProject
Global
	GlobalSection(SolutionConfigurationPlatforms) = preSolution
		Debug|Any CPU = Debug|Any CPU
		Release|Any CPU = Release|Any CPU
	EndGlobalSection
	GlobalSection(ProjectConfigurationPlatforms) = postSolution
		{73BC617B-1292-4CFE-A7A6-CF8203DED7DA}.Debug|Any CPU.ActiveCfg = Debug|Any CPU
		{73BC617B-1292-4CFE-A7A6-CF8203DED7DA}.Debug|Any CPU.Build.0 = Debug|Any CPU
		{73BC617B-1292-4CFE-A7A6-CF8203DED7DA}.Release|Any CPU.ActiveCfg = Release|Any CPU
		{73BC617B-1292-4CFE-A7A6-CF8203DED7DA}.Release|Any CPU.Build.0 = Release|Any CPU
		{483C92A4-42BE-48CE-8490-1E37FE8B03B3}.Debug|Any CPU.ActiveCfg = Debug|Any CPU
		{483C92A4-42BE-48CE-8490-1E37FE8B03B3}.Debug|Any CPU.Build.0 = Debug|Any CPU
		{483C92A4-42BE-48CE-8490-1E37FE8B03B3}.Release|Any CPU.ActiveCfg = Release|Any CPU
		{483C92A4-42BE-48CE-8490-1E37FE8B03B3}.Release|Any CPU.Build.0 = Release|Any CPU
		{C869444A-29C1-4F02-86BC-5A00E3EE932B}.Debug|Any CPU.ActiveCfg = Debug|Any CPU
		{C869444A-29C1-4F02-86BC-5A00E3EE932B}.Debug|Any CPU.Build.0 = Debug|Any CPU
		{C869444A-29C1-4F02-86BC-5A00E3EE932B}.Release|Any CPU.ActiveCfg = Release|Any CPU
		{C869444A-29C1-4F02-86BC-5A00E3EE932B}.Release|Any CPU.Build.0 = Release|Any CPU
		{C19BF41A-D0F9-49C4-82B2-1DBA28CE8BA6}.Debug|Any CPU.ActiveCfg = Debug|Any CPU
		{C19BF41A-D0F9-49C4-82B2-1DBA28CE8BA6}.Debug|Any CPU.Build.0 = Debug|Any CPU
		{C19BF41A-D0F9-49C4-82B2-1DBA28CE8BA6}.Release|Any CPU.ActiveCfg = Release|Any CPU
		{C19BF41A-D0F9-49C4-82B2-1DBA28CE8BA6}.Release|Any CPU.Build.0 = Release|Any CPU
	EndGlobalSection
	GlobalSection(SolutionProperties) = preSolution
		HideSolutionNode = FALSE
	EndGlobalSection
	GlobalSection(ExtensibilityGlobals) = postSolution
		SolutionGuid = {CE2ADED9-63CF-41A1-88F9-18F45E582017}
	EndGlobalSection
EndGlobal
